{
  "version": 4,
  "terraform_version": "1.10.5",
  "serial": 37,
  "lineage": "6adf23a8-3514-7841-a5fc-320661d27ce4",
  "outputs": {},
  "resources": [
    {
      "mode": "data",
      "type": "gns3_template_id",
      "name": "R1",
      "provider": "provider[\"registry.terraform.io/netopschic/gns3\"]",
      "instances": [
        {
          "schema_version": 0,
          "attributes": {
            "id": "c1062729-ea26-4b59-b16c-ca2f28000c79",
            "name": "c7200",
            "template_id": "c1062729-ea26-4b59-b16c-ca2f28000c79"
          },
          "sensitive_attributes": []
        }
      ]
    },
    {
      "mode": "data",
      "type": "gns3_template_id",
      "name": "R2",
      "provider": "provider[\"registry.terraform.io/netopschic/gns3\"]",
      "instances": [
        {
          "schema_version": 0,
          "attributes": {
            "id": "c1062729-ea26-4b59-b16c-ca2f28000c79",
            "name": "c7200",
            "template_id": "c1062729-ea26-4b59-b16c-ca2f28000c79"
          },
          "sensitive_attributes": []
        }
      ]
    },
    {
      "mode": "managed",
      "type": "gns3_link",
      "name": "R1_to_R2",
      "provider": "provider[\"registry.terraform.io/netopschic/gns3\"]",
      "instances": [
        {
          "schema_version": 0,
          "attributes": {
            "id": "6b617074-d88a-4c61-8533-323c2c9d0525",
            "link_id": "6b617074-d88a-4c61-8533-323c2c9d0525",
            "node_a_adapter": 0,
            "node_a_id": "36e820c5-7bfc-4367-aa31-938e937ec8a6",
            "node_a_port": 0,
            "node_b_adapter": 0,
            "node_b_id": "a1becaad-bb0f-4075-b275-03a5f3f65a4e",
            "node_b_port": 0,
            "project_id": "196a4362-d90e-49ed-88b1-d339cda0e730"
          },
          "sensitive_attributes": [],
          "private": "bnVsbA==",
          "dependencies": [
            "data.gns3_template_id.R1",
            "data.gns3_template_id.R2",
            "gns3_project.project1",
            "gns3_template.R1",
            "gns3_template.R2"
          ]
        }
      ]
    },
    {
      "mode": "managed",
      "type": "gns3_project",
      "name": "project1",
      "provider": "provider[\"registry.terraform.io/netopschic/gns3\"]",
      "instances": [
        {
          "schema_version": 0,
          "attributes": {
            "id": "196a4362-d90e-49ed-88b1-d339cda0e730",
            "name": "netdevops-lab",
            "project_id": "196a4362-d90e-49ed-88b1-d339cda0e730"
          },
          "sensitive_attributes": [],
          "private": "bnVsbA=="
        }
      ]
    },
    {
      "mode": "managed",
      "type": "gns3_template",
      "name": "R1",
      "provider": "provider[\"registry.terraform.io/netopschic/gns3\"]",
      "instances": [
        {
          "schema_version": 0,
          "attributes": {
            "compute_id": "local",
            "id": "36e820c5-7bfc-4367-aa31-938e937ec8a6",
            "name": "R1",
            "project_id": "196a4362-d90e-49ed-88b1-d339cda0e730",
            "template_id": "c1062729-ea26-4b59-b16c-ca2f28000c79",
            "x": 0,
            "y": 0
          },
          "sensitive_attributes": [],
          "private": "bnVsbA==",
          "dependencies": [
            "data.gns3_template_id.R1",
            "gns3_project.project1"
          ]
        }
      ]
    },
    {
      "mode": "managed",
      "type": "gns3_template",
      "name": "R2",
      "provider": "provider[\"registry.terraform.io/netopschic/gns3\"]",
      "instances": [
        {
          "schema_version": 0,
          "attributes": {
            "compute_id": "local",
            "id": "a1becaad-bb0f-4075-b275-03a5f3f65a4e",
            "name": "R2",
            "project_id": "196a4362-d90e-49ed-88b1-d339cda0e730",
            "template_id": "c1062729-ea26-4b59-b16c-ca2f28000c79",
            "x": 0,
            "y": 0
          },
          "sensitive_attributes": [],
          "private": "bnVsbA==",
          "dependencies": [
            "data.gns3_template_id.R2",
            "gns3_project.project1"
          ]
        }
      ]
    }
  ],
  "check_results": null
}
